
Microsoft Visual Studio Solution File, Format Version 12.00
# Visual Studio Version 16
VisualStudioVersion = 16.0.31105.61
MinimumVisualStudioVersion = 10.0.40219.1
Project("{FAE04EC0-301F-11D3-BF4B-00C04F79EFBC}") = "Netension.WebFrame.Application", "Netension.WebFrame.Application\Netension.WebFrame.Application.csproj", "{B1A6D0BF-7A65-4BB5-9F1F-E1A4A49A48A7}"
EndProject
Project("{FAE04EC0-301F-11D3-BF4B-00C04F79EFBC}") = "Netension.WebFrame.Hosting", "Netension.WebFrame.Hosting\Netension.WebFrame.Hosting.csproj", "{07EF88DD-ABFB-47B7-94A5-86E4B32E4F2E}"
EndProject
Global
	GlobalSection(SolutionConfigurationPlatforms) = preSolution
		Debug|Any CPU = Debug|Any CPU
		Release|Any CPU = Release|Any CPU
	EndGlobalSection
	GlobalSection(ProjectConfigurationPlatforms) = postSolution
		{B1A6D0BF-7A65-4BB5-9F1F-E1A4A49A48A7}.Debug|Any CPU.ActiveCfg = Debug|Any CPU
		{B1A6D0BF-7A65-4BB5-9F1F-E1A4A49A48A7}.Debug|Any CPU.Build.0 = Debug|Any CPU
		{B1A6D0BF-7A65-4BB5-9F1F-E1A4A49A48A7}.Release|Any CPU.ActiveCfg = Release|Any CPU
		{B1A6D0BF-7A65-4BB5-9F1F-E1A4A49A48A7}.Release|Any CPU.Build.0 = Release|Any CPU
		{07EF88DD-ABFB-47B7-94A5-86E4B32E4F2E}.Debug|Any CPU.ActiveCfg = Debug|Any CPU
		{07EF88DD-ABFB-47B7-94A5-86E4B32E4F2E}.Debug|Any CPU.Build.0 = Debug|Any CPU
		{07EF88DD-ABFB-47B7-94A5-86E4B32E4F2E}.Release|Any CPU.ActiveCfg = Release|Any CPU
		{07EF88DD-ABFB-47B7-94A5-86E4B32E4F2E}.Release|Any CPU.Build.0 = Release|Any CPU
	EndGlobalSection
	GlobalSection(SolutionProperties) = preSolution
		HideSolutionNode = FALSE
	EndGlobalSection
	GlobalSection(ExtensibilityGlobals) = postSolution
		SolutionGuid = {490EBA12-8EAB-4255-8624-A659A5024BCB}
	EndGlobalSection
EndGlobal
